// !$*UTF8*$!
{
	archiveVersion = 1;
	classes = {
	};
	objectVersion = 50;
	objects = {

/* Begin PBXBuildFile section */
		F822EB2F26A25D2A00F29E78 /* AstronautsListViewModel.swift in Sources */ = {isa = PBXBuildFile; fileRef = F822EB2E26A25D2A00F29E78 /* AstronautsListViewModel.swift */; };
		F822EB3226A269C400F29E78 /* Environments.swift in Sources */ = {isa = PBXBuildFile; fileRef = F822EB3126A269C400F29E78 /* Environments.swift */; };
		F822EB3526A2733200F29E78 /* ImageLoader.swift in Sources */ = {isa = PBXBuildFile; fileRef = F822EB3426A2733200F29E78 /* ImageLoader.swift */; };
		F822EB3726A2755900F29E78 /* ThumbnailView.swift in Sources */ = {isa = PBXBuildFile; fileRef = F822EB3626A2755900F29E78 /* ThumbnailView.swift */; };
		F822EB3A26A27E5400F29E78 /* Colors+Utils.swift in Sources */ = {isa = PBXBuildFile; fileRef = F822EB3926A27E5400F29E78 /* Colors+Utils.swift */; };
		F822EB3D26A28E7300F29E78 /* AstronautDetailsView.swift in Sources */ = {isa = PBXBuildFile; fileRef = F822EB3C26A28E7300F29E78 /* AstronautDetailsView.swift */; };
		F822EB3F26A2F38700F29E78 /* AstronautDetailsGridView.swift in Sources */ = {isa = PBXBuildFile; fileRef = F822EB3E26A2F38700F29E78 /* AstronautDetailsGridView.swift */; };
		F822EB4226A2F46500F29E78 /* AstronautDetailsGridCellView.swift in Sources */ = {isa = PBXBuildFile; fileRef = F822EB4126A2F46500F29E78 /* AstronautDetailsGridCellView.swift */; };
		F822EB4426A2F4B400F29E78 /* AstronautDetailsGridCellDivider.swift in Sources */ = {isa = PBXBuildFile; fileRef = F822EB4326A2F4B400F29E78 /* AstronautDetailsGridCellDivider.swift */; };
		F822EB4826A3DDC000F29E78 /* AstronautDetails.swift in Sources */ = {isa = PBXBuildFile; fileRef = F822EB4726A3DDC000F29E78 /* AstronautDetails.swift */; };
		F822EB4B26A3DF3400F29E78 /* AstronautDetailsViewModel.swift in Sources */ = {isa = PBXBuildFile; fileRef = F822EB4A26A3DF3400F29E78 /* AstronautDetailsViewModel.swift */; };
		F86BD3AB26A3F85E000F744C /* AstronaultDetailsViewmodel.swift in Sources */ = {isa = PBXBuildFile; fileRef = F86BD3AA26A3F85E000F744C /* AstronaultDetailsViewmodel.swift */; };
		F8AC20D826A4135100117FAE /* SortingButton.swift in Sources */ = {isa = PBXBuildFile; fileRef = F8AC20D726A4135100117FAE /* SortingButton.swift */; };
		F8AC20DB26A4173C00117FAE /* ErrorView.swift in Sources */ = {isa = PBXBuildFile; fileRef = F8AC20DA26A4173C00117FAE /* ErrorView.swift */; };
		F8AC20DD26A417A200117FAE /* Error+View.swift in Sources */ = {isa = PBXBuildFile; fileRef = F8AC20DC26A417A200117FAE /* Error+View.swift */; };
		F8AC20E126A4210F00117FAE /* ErrorHandlerViewModel.swift in Sources */ = {isa = PBXBuildFile; fileRef = F8AC20E026A4210F00117FAE /* ErrorHandlerViewModel.swift */; };
		F8E0D56A26A1B7080015E13D /* AstronautsApp.swift in Sources */ = {isa = PBXBuildFile; fileRef = F8E0D56926A1B7080015E13D /* AstronautsApp.swift */; };
		F8E0D56C26A1B7080015E13D /* AstronautsListView.swift in Sources */ = {isa = PBXBuildFile; fileRef = F8E0D56B26A1B7080015E13D /* AstronautsListView.swift */; };
		F8E0D56E26A1B7090015E13D /* Assets.xcassets in Resources */ = {isa = PBXBuildFile; fileRef = F8E0D56D26A1B7090015E13D /* Assets.xcassets */; };
		F8E0D57126A1B7090015E13D /* Preview Assets.xcassets in Resources */ = {isa = PBXBuildFile; fileRef = F8E0D57026A1B7090015E13D /* Preview Assets.xcassets */; };
		F8F932E526A1BA75006957FD /* NetworkServices.swift in Sources */ = {isa = PBXBuildFile; fileRef = F8F932E226A1BA75006957FD /* NetworkServices.swift */; };
		F8F932E626A1BA75006957FD /* NetworkStatusHandler.swift in Sources */ = {isa = PBXBuildFile; fileRef = F8F932E326A1BA75006957FD /* NetworkStatusHandler.swift */; };
		F8F932E726A1BA75006957FD /* Serializer.swift in Sources */ = {isa = PBXBuildFile; fileRef = F8F932E426A1BA75006957FD /* Serializer.swift */; };
		F8F932EA26A1BAEA006957FD /* Astronaut.swift in Sources */ = {isa = PBXBuildFile; fileRef = F8F932E926A1BAEA006957FD /* Astronaut.swift */; };
		F8F932ED26A1BB63006957FD /* AstronautsNetworkServices.swift in Sources */ = {isa = PBXBuildFile; fileRef = F8F932EC26A1BB63006957FD /* AstronautsNetworkServices.swift */; };
		F8F932EF26A2559D006957FD /* AstronautRollView.swift in Sources */ = {isa = PBXBuildFile; fileRef = F8F932EE26A2559D006957FD /* AstronautRollView.swift */; };
/* End PBXBuildFile section */

/* Begin PBXContainerItemProxy section */
		F8E0D57826A1B7090015E13D /* PBXContainerItemProxy */ = {
			isa = PBXContainerItemProxy;
			containerPortal = F8E0D55E26A1B7080015E13D /* Project object */;
			proxyType = 1;
			remoteGlobalIDString = F8E0D56526A1B7080015E13D;
			remoteInfo = Astronauts;
		};
/* End PBXContainerItemProxy section */

/* Begin PBXFileReference section */
		F822EB2E26A25D2A00F29E78 /* AstronautsListViewModel.swift */ = {isa = PBXFileReference; lastKnownFileType = sourcecode.swift; path = AstronautsListViewModel.swift; sourceTree = "<group>"; };
		F822EB3126A269C400F29E78 /* Environments.swift */ = {isa = PBXFileReference; lastKnownFileType = sourcecode.swift; path = Environments.swift; sourceTree = "<group>"; };
		F822EB3426A2733200F29E78 /* ImageLoader.swift */ = {isa = PBXFileReference; lastKnownFileType = sourcecode.swift; path = ImageLoader.swift; sourceTree = "<group>"; };
		F822EB3626A2755900F29E78 /* ThumbnailView.swift */ = {isa = PBXFileReference; lastKnownFileType = sourcecode.swift; path = ThumbnailView.swift; sourceTree = "<group>"; };
		F822EB3926A27E5400F29E78 /* Colors+Utils.swift */ = {isa = PBXFileReference; lastKnownFileType = sourcecode.swift; path = "Colors+Utils.swift"; sourceTree = "<group>"; };
		F822EB3C26A28E7300F29E78 /* AstronautDetailsView.swift */ = {isa = PBXFileReference; lastKnownFileType = sourcecode.swift; path = AstronautDetailsView.swift; sourceTree = "<group>"; };
		F822EB3E26A2F38700F29E78 /* AstronautDetailsGridView.swift */ = {isa = PBXFileReference; lastKnownFileType = sourcecode.swift; path = AstronautDetailsGridView.swift; sourceTree = "<group>"; };
		F822EB4126A2F46500F29E78 /* AstronautDetailsGridCellView.swift */ = {isa = PBXFileReference; lastKnownFileType = sourcecode.swift; path = AstronautDetailsGridCellView.swift; sourceTree = "<group>"; };
		F822EB4326A2F4B400F29E78 /* AstronautDetailsGridCellDivider.swift */ = {isa = PBXFileReference; lastKnownFileType = sourcecode.swift; path = AstronautDetailsGridCellDivider.swift; sourceTree = "<group>"; };
		F822EB4726A3DDC000F29E78 /* AstronautDetails.swift */ = {isa = PBXFileReference; lastKnownFileType = sourcecode.swift; path = AstronautDetails.swift; sourceTree = "<group>"; };
		F822EB4A26A3DF3400F29E78 /* AstronautDetailsViewModel.swift */ = {isa = PBXFileReference; lastKnownFileType = sourcecode.swift; path = AstronautDetailsViewModel.swift; sourceTree = "<group>"; };
		F86BD3AA26A3F85E000F744C /* AstronaultDetailsViewmodel.swift */ = {isa = PBXFileReference; lastKnownFileType = sourcecode.swift; path = AstronaultDetailsViewmodel.swift; sourceTree = "<group>"; };
		F8AC20D726A4135100117FAE /* SortingButton.swift */ = {isa = PBXFileReference; lastKnownFileType = sourcecode.swift; path = SortingButton.swift; sourceTree = "<group>"; };
		F8AC20DA26A4173C00117FAE /* ErrorView.swift */ = {isa = PBXFileReference; lastKnownFileType = sourcecode.swift; path = ErrorView.swift; sourceTree = "<group>"; };
		F8AC20DC26A417A200117FAE /* Error+View.swift */ = {isa = PBXFileReference; lastKnownFileType = sourcecode.swift; path = "Error+View.swift"; sourceTree = "<group>"; };
		F8AC20E026A4210F00117FAE /* ErrorHandlerViewModel.swift */ = {isa = PBXFileReference; lastKnownFileType = sourcecode.swift; path = ErrorHandlerViewModel.swift; sourceTree = "<group>"; };
		F8E0D56626A1B7080015E13D /* Astronauts.app */ = {isa = PBXFileReference; explicitFileType = wrapper.application; includeInIndex = 0; path = Astronauts.app; sourceTree = BUILT_PRODUCTS_DIR; };
		F8E0D56926A1B7080015E13D /* AstronautsApp.swift */ = {isa = PBXFileReference; lastKnownFileType = sourcecode.swift; path = AstronautsApp.swift; sourceTree = "<group>"; };
		F8E0D56B26A1B7080015E13D /* AstronautsListView.swift */ = {isa = PBXFileReference; lastKnownFileType = sourcecode.swift; path = AstronautsListView.swift; sourceTree = "<group>"; };
		F8E0D56D26A1B7090015E13D /* Assets.xcassets */ = {isa = PBXFileReference; lastKnownFileType = folder.assetcatalog; path = Assets.xcassets; sourceTree = "<group>"; };
		F8E0D57026A1B7090015E13D /* Preview Assets.xcassets */ = {isa = PBXFileReference; lastKnownFileType = folder.assetcatalog; path = "Preview Assets.xcassets"; sourceTree = "<group>"; };
		F8E0D57226A1B7090015E13D /* Info.plist */ = {isa = PBXFileReference; lastKnownFileType = text.plist.xml; path = Info.plist; sourceTree = "<group>"; };
		F8E0D57726A1B7090015E13D /* AstronautsTests.xctest */ = {isa = PBXFileReference; explicitFileType = wrapper.cfbundle; includeInIndex = 0; path = AstronautsTests.xctest; sourceTree = BUILT_PRODUCTS_DIR; };
		F8E0D57D26A1B7090015E13D /* Info.plist */ = {isa = PBXFileReference; lastKnownFileType = text.plist.xml; path = Info.plist; sourceTree = "<group>"; };
		F8F932E226A1BA75006957FD /* NetworkServices.swift */ = {isa = PBXFileReference; fileEncoding = 4; lastKnownFileType = sourcecode.swift; path = NetworkServices.swift; sourceTree = "<group>"; };
		F8F932E326A1BA75006957FD /* NetworkStatusHandler.swift */ = {isa = PBXFileReference; fileEncoding = 4; lastKnownFileType = sourcecode.swift; path = NetworkStatusHandler.swift; sourceTree = "<group>"; };
		F8F932E426A1BA75006957FD /* Serializer.swift */ = {isa = PBXFileReference; fileEncoding = 4; lastKnownFileType = sourcecode.swift; path = Serializer.swift; sourceTree = "<group>"; };
		F8F932E926A1BAEA006957FD /* Astronaut.swift */ = {isa = PBXFileReference; lastKnownFileType = sourcecode.swift; path = Astronaut.swift; sourceTree = "<group>"; };
		F8F932EC26A1BB63006957FD /* AstronautsNetworkServices.swift */ = {isa = PBXFileReference; lastKnownFileType = sourcecode.swift; path = AstronautsNetworkServices.swift; sourceTree = "<group>"; };
		F8F932EE26A2559D006957FD /* AstronautRollView.swift */ = {isa = PBXFileReference; lastKnownFileType = sourcecode.swift; path = AstronautRollView.swift; sourceTree = "<group>"; };
/* End PBXFileReference section */

/* Begin PBXFrameworksBuildPhase section */
		F8E0D56326A1B7080015E13D /* Frameworks */ = {
			isa = PBXFrameworksBuildPhase;
			buildActionMask = 2147483647;
			files = (
			);
			runOnlyForDeploymentPostprocessing = 0;
		};
		F8E0D57426A1B7090015E13D /* Frameworks */ = {
			isa = PBXFrameworksBuildPhase;
			buildActionMask = 2147483647;
			files = (
			);
			runOnlyForDeploymentPostprocessing = 0;
		};
/* End PBXFrameworksBuildPhase section */

/* Begin PBXGroup section */
		F822EB2C26A25BF400F29E78 /* Views */ = {
			isa = PBXGroup;
			children = (
				F8AC20D926A4143100117FAE /* Shared */,
				F822EB3B26A28DE300F29E78 /* AustronautDetailsView */,
				F822EB2D26A25BF800F29E78 /* AstronautsListView */,
			);
			path = Views;
			sourceTree = "<group>";
		};
		F822EB2D26A25BF800F29E78 /* AstronautsListView */ = {
			isa = PBXGroup;
			children = (
				F8F932EE26A2559D006957FD /* AstronautRollView.swift */,
				F8E0D56B26A1B7080015E13D /* AstronautsListView.swift */,
				F822EB2E26A25D2A00F29E78 /* AstronautsListViewModel.swift */,
				F8AC20D726A4135100117FAE /* SortingButton.swift */,
			);
			path = AstronautsListView;
			sourceTree = "<group>";
		};
		F822EB3026A269B500F29E78 /* Settings */ = {
			isa = PBXGroup;
			children = (
				F822EB3126A269C400F29E78 /* Environments.swift */,
			);
			path = Settings;
			sourceTree = "<group>";
		};
		F822EB3326A2731E00F29E78 /* Utils */ = {
			isa = PBXGroup;
			children = (
				F822EB3426A2733200F29E78 /* ImageLoader.swift */,
			);
			path = Utils;
			sourceTree = "<group>";
		};
		F822EB3826A27E4400F29E78 /* Extensions */ = {
			isa = PBXGroup;
			children = (
				F822EB3926A27E5400F29E78 /* Colors+Utils.swift */,
				F8AC20DC26A417A200117FAE /* Error+View.swift */,
			);
			path = Extensions;
			sourceTree = "<group>";
		};
		F822EB3B26A28DE300F29E78 /* AustronautDetailsView */ = {
			isa = PBXGroup;
			children = (
				F86BD3A926A3F846000F744C /* Data */,
				F822EB4526A2F50400F29E78 /* AustronautDetailsGridView */,
				F822EB3C26A28E7300F29E78 /* AstronautDetailsView.swift */,
				F822EB4A26A3DF3400F29E78 /* AstronautDetailsViewModel.swift */,
			);
			path = AustronautDetailsView;
			sourceTree = "<group>";
		};
		F822EB4526A2F50400F29E78 /* AustronautDetailsGridView */ = {
			isa = PBXGroup;
			children = (
				F822EB3E26A2F38700F29E78 /* AstronautDetailsGridView.swift */,
				F822EB4126A2F46500F29E78 /* AstronautDetailsGridCellView.swift */,
				F822EB4326A2F4B400F29E78 /* AstronautDetailsGridCellDivider.swift */,
			);
			path = AustronautDetailsGridView;
			sourceTree = "<group>";
		};
		F86BD3A926A3F846000F744C /* Data */ = {
			isa = PBXGroup;
			children = (
				F86BD3AA26A3F85E000F744C /* AstronaultDetailsViewmodel.swift */,
			);
			path = Data;
			sourceTree = "<group>";
		};
		F8AC20D926A4143100117FAE /* Shared */ = {
			isa = PBXGroup;
			children = (
				F8AC20E026A4210F00117FAE /* ErrorHandlerViewModel.swift */,
				F822EB3626A2755900F29E78 /* ThumbnailView.swift */,
				F8AC20DA26A4173C00117FAE /* ErrorView.swift */,
			);
			path = Shared;
			sourceTree = "<group>";
		};
		F8AC20DE26A41DF000117FAE /* Supporting Files */ = {
			isa = PBXGroup;
			children = (
				F8E0D56D26A1B7090015E13D /* Assets.xcassets */,
				F8E0D57226A1B7090015E13D /* Info.plist */,
			);
			path = "Supporting Files";
			sourceTree = "<group>";
		};
		F8E0D55D26A1B7080015E13D = {
			isa = PBXGroup;
			children = (
				F8E0D56826A1B7080015E13D /* Astronauts */,
				F8E0D57A26A1B7090015E13D /* AstronautsTests */,
				F8E0D56726A1B7080015E13D /* Products */,
			);
			sourceTree = "<group>";
		};
		F8E0D56726A1B7080015E13D /* Products */ = {
			isa = PBXGroup;
			children = (
				F8E0D56626A1B7080015E13D /* Astronauts.app */,
				F8E0D57726A1B7090015E13D /* AstronautsTests.xctest */,
			);
			name = Products;
			sourceTree = "<group>";
		};
		F8E0D56826A1B7080015E13D /* Astronauts */ = {
			isa = PBXGroup;
			children = (
				F822EB3826A27E4400F29E78 /* Extensions */,
				F822EB3026A269B500F29E78 /* Settings */,
				F822EB2C26A25BF400F29E78 /* Views */,
				F8F932E026A1BA4B006957FD /* Network */,
				F8AC20DE26A41DF000117FAE /* Supporting Files */,
				F8E0D56F26A1B7090015E13D /* Preview Content */,
				F8E0D56926A1B7080015E13D /* AstronautsApp.swift */,
			);
			path = Astronauts;
			sourceTree = "<group>";
		};
		F8E0D56F26A1B7090015E13D /* Preview Content */ = {
			isa = PBXGroup;
			children = (
				F8E0D57026A1B7090015E13D /* Preview Assets.xcassets */,
			);
			path = "Preview Content";
			sourceTree = "<group>";
		};
		F8E0D57A26A1B7090015E13D /* AstronautsTests */ = {
			isa = PBXGroup;
			children = (
				F8E0D57D26A1B7090015E13D /* Info.plist */,
			);
			path = AstronautsTests;
			sourceTree = "<group>";
		};
		F8F932E026A1BA4B006957FD /* Network */ = {
			isa = PBXGroup;
			children = (
				F822EB3326A2731E00F29E78 /* Utils */,
				F8F932EB26A1BB52006957FD /* Services */,
				F8F932E826A1BAB2006957FD /* DataModels */,
				F8F932E126A1BA52006957FD /* Base */,
			);
			path = Network;
			sourceTree = "<group>";
		};
		F8F932E126A1BA52006957FD /* Base */ = {
			isa = PBXGroup;
			children = (
				F8F932E226A1BA75006957FD /* NetworkServices.swift */,
				F8F932E326A1BA75006957FD /* NetworkStatusHandler.swift */,
				F8F932E426A1BA75006957FD /* Serializer.swift */,
			);
			path = Base;
			sourceTree = "<group>";
		};
		F8F932E826A1BAB2006957FD /* DataModels */ = {
			isa = PBXGroup;
			children = (
				F8F932E926A1BAEA006957FD /* Astronaut.swift */,
				F822EB4726A3DDC000F29E78 /* AstronautDetails.swift */,
			);
			path = DataModels;
			sourceTree = "<group>";
		};
		F8F932EB26A1BB52006957FD /* Services */ = {
			isa = PBXGroup;
			children = (
				F8F932EC26A1BB63006957FD /* AstronautsNetworkServices.swift */,
			);
			path = Services;
			sourceTree = "<group>";
		};
/* End PBXGroup section */

/* Begin PBXNativeTarget section */
		F8E0D56526A1B7080015E13D /* Astronauts */ = {
			isa = PBXNativeTarget;
			buildConfigurationList = F8E0D58B26A1B7090015E13D /* Build configuration list for PBXNativeTarget "Astronauts" */;
			buildPhases = (
				F8E0D56226A1B7080015E13D /* Sources */,
				F8E0D56326A1B7080015E13D /* Frameworks */,
				F8E0D56426A1B7080015E13D /* Resources */,
			);
			buildRules = (
			);
			dependencies = (
			);
			name = Astronauts;
			productName = Astronauts;
			productReference = F8E0D56626A1B7080015E13D /* Astronauts.app */;
			productType = "com.apple.product-type.application";
		};
		F8E0D57626A1B7090015E13D /* AstronautsTests */ = {
			isa = PBXNativeTarget;
			buildConfigurationList = F8E0D58E26A1B7090015E13D /* Build configuration list for PBXNativeTarget "AstronautsTests" */;
			buildPhases = (
				F8E0D57326A1B7090015E13D /* Sources */,
				F8E0D57426A1B7090015E13D /* Frameworks */,
				F8E0D57526A1B7090015E13D /* Resources */,
			);
			buildRules = (
			);
			dependencies = (
				F8E0D57926A1B7090015E13D /* PBXTargetDependency */,
			);
			name = AstronautsTests;
			productName = AstronautsTests;
			productReference = F8E0D57726A1B7090015E13D /* AstronautsTests.xctest */;
			productType = "com.apple.product-type.bundle.unit-test";
		};
/* End PBXNativeTarget section */

/* Begin PBXProject section */
		F8E0D55E26A1B7080015E13D /* Project object */ = {
			isa = PBXProject;
			attributes = {
				LastSwiftUpdateCheck = 1250;
				LastUpgradeCheck = 1250;
				TargetAttributes = {
					F8E0D56526A1B7080015E13D = {
						CreatedOnToolsVersion = 12.5.1;
					};
					F8E0D57626A1B7090015E13D = {
						CreatedOnToolsVersion = 12.5.1;
						TestTargetID = F8E0D56526A1B7080015E13D;
					};
				};
			};
			buildConfigurationList = F8E0D56126A1B7080015E13D /* Build configuration list for PBXProject "Astronauts" */;
			compatibilityVersion = "Xcode 9.3";
			developmentRegion = en;
			hasScannedForEncodings = 0;
			knownRegions = (
				en,
				Base,
			);
			mainGroup = F8E0D55D26A1B7080015E13D;
			productRefGroup = F8E0D56726A1B7080015E13D /* Products */;
			projectDirPath = "";
			projectRoot = "";
			targets = (
				F8E0D56526A1B7080015E13D /* Astronauts */,
				F8E0D57626A1B7090015E13D /* AstronautsTests */,
			);
		};
/* End PBXProject section */

/* Begin PBXResourcesBuildPhase section */
		F8E0D56426A1B7080015E13D /* Resources */ = {
			isa = PBXResourcesBuildPhase;
			buildActionMask = 2147483647;
			files = (
				F8E0D57126A1B7090015E13D /* Preview Assets.xcassets in Resources */,
				F8E0D56E26A1B7090015E13D /* Assets.xcassets in Resources */,
			);
			runOnlyForDeploymentPostprocessing = 0;
		};
		F8E0D57526A1B7090015E13D /* Resources */ = {
			isa = PBXResourcesBuildPhase;
			buildActionMask = 2147483647;
			files = (
			);
			runOnlyForDeploymentPostprocessing = 0;
		};
/* End PBXResourcesBuildPhase section */

/* Begin PBXSourcesBuildPhase section */
		F8E0D56226A1B7080015E13D /* Sources */ = {
			isa = PBXSourcesBuildPhase;
			buildActionMask = 2147483647;
			files = (
				F822EB3D26A28E7300F29E78 /* AstronautDetailsView.swift in Sources */,
				F8F932ED26A1BB63006957FD /* AstronautsNetworkServices.swift in Sources */,
				F822EB4426A2F4B400F29E78 /* AstronautDetailsGridCellDivider.swift in Sources */,
				F8E0D56C26A1B7080015E13D /* AstronautsListView.swift in Sources */,
				F822EB4826A3DDC000F29E78 /* AstronautDetails.swift in Sources */,
				F8F932E626A1BA75006957FD /* NetworkStatusHandler.swift in Sources */,
				F822EB3226A269C400F29E78 /* Environments.swift in Sources */,
				F822EB2F26A25D2A00F29E78 /* AstronautsListViewModel.swift in Sources */,
				F822EB3526A2733200F29E78 /* ImageLoader.swift in Sources */,
				F8F932E526A1BA75006957FD /* NetworkServices.swift in Sources */,
				F8F932EA26A1BAEA006957FD /* Astronaut.swift in Sources */,
				F822EB3F26A2F38700F29E78 /* AstronautDetailsGridView.swift in Sources */,
				F86BD3AB26A3F85E000F744C /* AstronaultDetailsViewmodel.swift in Sources */,
				F822EB4226A2F46500F29E78 /* AstronautDetailsGridCellView.swift in Sources */,
				F8E0D56A26A1B7080015E13D /* AstronautsApp.swift in Sources */,
				F822EB3726A2755900F29E78 /* ThumbnailView.swift in Sources */,
				F8F932E726A1BA75006957FD /* Serializer.swift in Sources */,
				F8AC20DD26A417A200117FAE /* Error+View.swift in Sources */,
				F8AC20E126A4210F00117FAE /* ErrorHandlerViewModel.swift in Sources */,
				F8F932EF26A2559D006957FD /* AstronautRollView.swift in Sources */,
				F822EB4B26A3DF3400F29E78 /* AstronautDetailsViewModel.swift in Sources */,
				F822EB3A26A27E5400F29E78 /* Colors+Utils.swift in Sources */,
				F8AC20D826A4135100117FAE /* SortingButton.swift in Sources */,
				F8AC20DB26A4173C00117FAE /* ErrorView.swift in Sources */,
			);
			runOnlyForDeploymentPostprocessing = 0;
		};
		F8E0D57326A1B7090015E13D /* Sources */ = {
			isa = PBXSourcesBuildPhase;
			buildActionMask = 2147483647;
			files = (
			);
			runOnlyForDeploymentPostprocessing = 0;
		};
/* End PBXSourcesBuildPhase section */

/* Begin PBXTargetDependency section */
		F8E0D57926A1B7090015E13D /* PBXTargetDependency */ = {
			isa = PBXTargetDependency;
			target = F8E0D56526A1B7080015E13D /* Astronauts */;
			targetProxy = F8E0D57826A1B7090015E13D /* PBXContainerItemProxy */;
		};
/* End PBXTargetDependency section */

/* Begin XCBuildConfiguration section */
		F8E0D58926A1B7090015E13D /* Debug */ = {
			isa = XCBuildConfiguration;
			buildSettings = {
				ALWAYS_SEARCH_USER_PATHS = NO;
				CLANG_ANALYZER_NONNULL = YES;
				CLANG_ANALYZER_NUMBER_OBJECT_CONVERSION = YES_AGGRESSIVE;
				CLANG_CXX_LANGUAGE_STANDARD = "gnu++14";
				CLANG_CXX_LIBRARY = "libc++";
				CLANG_ENABLE_MODULES = YES;
				CLANG_ENABLE_OBJC_ARC = YES;
				CLANG_ENABLE_OBJC_WEAK = YES;
				CLANG_WARN_BLOCK_CAPTURE_AUTORELEASING = YES;
				CLANG_WARN_BOOL_CONVERSION = YES;
				CLANG_WARN_COMMA = YES;
				CLANG_WARN_CONSTANT_CONVERSION = YES;
				CLANG_WARN_DEPRECATED_OBJC_IMPLEMENTATIONS = YES;
				CLANG_WARN_DIRECT_OBJC_ISA_USAGE = YES_ERROR;
				CLANG_WARN_DOCUMENTATION_COMMENTS = YES;
				CLANG_WARN_EMPTY_BODY = YES;
				CLANG_WARN_ENUM_CONVERSION = YES;
				CLANG_WARN_INFINITE_RECURSION = YES;
				CLANG_WARN_INT_CONVERSION = YES;
				CLANG_WARN_NON_LITERAL_NULL_CONVERSION = YES;
				CLANG_WARN_OBJC_IMPLICIT_RETAIN_SELF = YES;
				CLANG_WARN_OBJC_LITERAL_CONVERSION = YES;
				CLANG_WARN_OBJC_ROOT_CLASS = YES_ERROR;
				CLANG_WARN_QUOTED_INCLUDE_IN_FRAMEWORK_HEADER = YES;
				CLANG_WARN_RANGE_LOOP_ANALYSIS = YES;
				CLANG_WARN_STRICT_PROTOTYPES = YES;
				CLANG_WARN_SUSPICIOUS_MOVE = YES;
				CLANG_WARN_UNGUARDED_AVAILABILITY = YES_AGGRESSIVE;
				CLANG_WARN_UNREACHABLE_CODE = YES;
				CLANG_WARN__DUPLICATE_METHOD_MATCH = YES;
				COPY_PHASE_STRIP = NO;
				DEBUG_INFORMATION_FORMAT = dwarf;
				ENABLE_STRICT_OBJC_MSGSEND = YES;
				ENABLE_TESTABILITY = YES;
				GCC_C_LANGUAGE_STANDARD = gnu11;
				GCC_DYNAMIC_NO_PIC = NO;
				GCC_NO_COMMON_BLOCKS = YES;
				GCC_OPTIMIZATION_LEVEL = 0;
				GCC_PREPROCESSOR_DEFINITIONS = (
					"DEBUG=1",
					"$(inherited)",
				);
				GCC_WARN_64_TO_32_BIT_CONVERSION = YES;
				GCC_WARN_ABOUT_RETURN_TYPE = YES_ERROR;
				GCC_WARN_UNDECLARED_SELECTOR = YES;
				GCC_WARN_UNINITIALIZED_AUTOS = YES_AGGRESSIVE;
				GCC_WARN_UNUSED_FUNCTION = YES;
				GCC_WARN_UNUSED_VARIABLE = YES;
				IPHONEOS_DEPLOYMENT_TARGET = 14.5;
				MTL_ENABLE_DEBUG_INFO = INCLUDE_SOURCE;
				MTL_FAST_MATH = YES;
				ONLY_ACTIVE_ARCH = YES;
				SDKROOT = iphoneos;
				SWIFT_ACTIVE_COMPILATION_CONDITIONS = DEBUG;
				SWIFT_OPTIMIZATION_LEVEL = "-Onone";
			};
			name = Debug;
		};
		F8E0D58A26A1B7090015E13D /* Release */ = {
			isa = XCBuildConfiguration;
			buildSettings = {
				ALWAYS_SEARCH_USER_PATHS = NO;
				CLANG_ANALYZER_NONNULL = YES;
				CLANG_ANALYZER_NUMBER_OBJECT_CONVERSION = YES_AGGRESSIVE;
				CLANG_CXX_LANGUAGE_STANDARD = "gnu++14";
				CLANG_CXX_LIBRARY = "libc++";
				CLANG_ENABLE_MODULES = YES;
				CLANG_ENABLE_OBJC_ARC = YES;
				CLANG_ENABLE_OBJC_WEAK = YES;
				CLANG_WARN_BLOCK_CAPTURE_AUTORELEASING = YES;
				CLANG_WARN_BOOL_CONVERSION = YES;
				CLANG_WARN_COMMA = YES;
				CLANG_WARN_CONSTANT_CONVERSION = YES;
				CLANG_WARN_DEPRECATED_OBJC_IMPLEMENTATIONS = YES;
				CLANG_WARN_DIRECT_OBJC_ISA_USAGE = YES_ERROR;
				CLANG_WARN_DOCUMENTATION_COMMENTS = YES;
				CLANG_WARN_EMPTY_BODY = YES;
				CLANG_WARN_ENUM_CONVERSION = YES;
				CLANG_WARN_INFINITE_RECURSION = YES;
				CLANG_WARN_INT_CONVERSION = YES;
				CLANG_WARN_NON_LITERAL_NULL_CONVERSION = YES;
				CLANG_WARN_OBJC_IMPLICIT_RETAIN_SELF = YES;
				CLANG_WARN_OBJC_LITERAL_CONVERSION = YES;
				CLANG_WARN_OBJC_ROOT_CLASS = YES_ERROR;
				CLANG_WARN_QUOTED_INCLUDE_IN_FRAMEWORK_HEADER = YES;
				CLANG_WARN_RANGE_LOOP_ANALYSIS = YES;
				CLANG_WARN_STRICT_PROTOTYPES = YES;
				CLANG_WARN_SUSPICIOUS_MOVE = YES;
				CLANG_WARN_UNGUARDED_AVAILABILITY = YES_AGGRESSIVE;
				CLANG_WARN_UNREACHABLE_CODE = YES;
				CLANG_WARN__DUPLICATE_METHOD_MATCH = YES;
				COPY_PHASE_STRIP = NO;
				DEBUG_INFORMATION_FORMAT = "dwarf-with-dsym";
				ENABLE_NS_ASSERTIONS = NO;
				ENABLE_STRICT_OBJC_MSGSEND = YES;
				GCC_C_LANGUAGE_STANDARD = gnu11;
				GCC_NO_COMMON_BLOCKS = YES;
				GCC_WARN_64_TO_32_BIT_CONVERSION = YES;
				GCC_WARN_ABOUT_RETURN_TYPE = YES_ERROR;
				GCC_WARN_UNDECLARED_SELECTOR = YES;
				GCC_WARN_UNINITIALIZED_AUTOS = YES_AGGRESSIVE;
				GCC_WARN_UNUSED_FUNCTION = YES;
				GCC_WARN_UNUSED_VARIABLE = YES;
				IPHONEOS_DEPLOYMENT_TARGET = 14.5;
				MTL_ENABLE_DEBUG_INFO = NO;
				MTL_FAST_MATH = YES;
				SDKROOT = iphoneos;
				SWIFT_COMPILATION_MODE = wholemodule;
				SWIFT_OPTIMIZATION_LEVEL = "-O";
				VALIDATE_PRODUCT = YES;
			};
			name = Release;
		};
		F8E0D58C26A1B7090015E13D /* Debug */ = {
			isa = XCBuildConfiguration;
			buildSettings = {
				ASSETCATALOG_COMPILER_APPICON_NAME = AppIcon;
				ASSETCATALOG_COMPILER_GLOBAL_ACCENT_COLOR_NAME = AccentColor;
				CODE_SIGN_STYLE = Automatic;
				DEVELOPMENT_ASSET_PATHS = "\"Astronauts/Preview Content\"";
				DEVELOPMENT_TEAM = DW4ZNXNDJB;
				ENABLE_PREVIEWS = YES;
				INFOPLIST_FILE = "Astronauts/Supporting Files/Info.plist";
				IPHONEOS_DEPLOYMENT_TARGET = 14.0;
				LD_RUNPATH_SEARCH_PATHS = (
					"$(inherited)",
					"@executable_path/Frameworks",
				);
				PRODUCT_BUNDLE_IDENTIFIER = immersia.com.au.Astronauts;
				PRODUCT_NAME = "$(TARGET_NAME)";
				SWIFT_VERSION = 5.0;
				TARGETED_DEVICE_FAMILY = "1,2";
			};
			name = Debug;
		};
		F8E0D58D26A1B7090015E13D /* Release */ = {
			isa = XCBuildConfiguration;
			buildSettings = {
				ASSETCATALOG_COMPILER_APPICON_NAME = AppIcon;
				ASSETCATALOG_COMPILER_GLOBAL_ACCENT_COLOR_NAME = AccentColor;
				CODE_SIGN_STYLE = Automatic;
				DEVELOPMENT_ASSET_PATHS = "\"Astronauts/Preview Content\"";
				DEVELOPMENT_TEAM = DW4ZNXNDJB;
				ENABLE_PREVIEWS = YES;
				INFOPLIST_FILE = "Astronauts/Supporting Files/Info.plist";
				IPHONEOS_DEPLOYMENT_TARGET = 14.0;
				LD_RUNPATH_SEARCH_PATHS = (
					"$(inherited)",
					"@executable_path/Frameworks",
				);
				PRODUCT_BUNDLE_IDENTIFIER = immersia.com.au.Astronauts;
				PRODUCT_NAME = "$(TARGET_NAME)";
				SWIFT_VERSION = 5.0;
				TARGETED_DEVICE_FAMILY = "1,2";
			};
			name = Release;
		};
		F8E0D58F26A1B7090015E13D /* Debug */ = {
			isa = XCBuildConfiguration;
			buildSettings = {
				ALWAYS_EMBED_SWIFT_STANDARD_LIBRARIES = YES;
				BUNDLE_LOADER = "$(TEST_HOST)";
				CODE_SIGN_STYLE = Automatic;
				DEVELOPMENT_TEAM = DW4ZNXNDJB;
				INFOPLIST_FILE = AstronautsTests/Info.plist;
				IPHONEOS_DEPLOYMENT_TARGET = 14.0;
				LD_RUNPATH_SEARCH_PATHS = (
					"$(inherited)",
					"@executable_path/Frameworks",
					"@loader_path/Frameworks",
				);
				PRODUCT_BUNDLE_IDENTIFIER = immersia.com.au.AstronautsTests;
				PRODUCT_NAME = "$(TARGET_NAME)";
				SWIFT_VERSION = 5.0;
				TARGETED_DEVICE_FAMILY = "1,2";
				TEST_HOST = "$(BUILT_PRODUCTS_DIR)/Astronauts.app/Astronauts";
			};
			name = Debug;
		};
		F8E0D59026A1B7090015E13D /* Release */ = {
			isa = XCBuildConfiguration;
			buildSettings = {
				ALWAYS_EMBED_SWIFT_STANDARD_LIBRARIES = YES;
				BUNDLE_LOADER = "$(TEST_HOST)";
				CODE_SIGN_STYLE = Automatic;
				DEVELOPMENT_TEAM = DW4ZNXNDJB;
				INFOPLIST_FILE = AstronautsTests/Info.plist;
				IPHONEOS_DEPLOYMENT_TARGET = 14.0;
				LD_RUNPATH_SEARCH_PATHS = (
					"$(inherited)",
					"@executable_path/Frameworks",
					"@loader_path/Frameworks",
				);
				PRODUCT_BUNDLE_IDENTIFIER = immersia.com.au.AstronautsTests;
				PRODUCT_NAME = "$(TARGET_NAME)";
				SWIFT_VERSION = 5.0;
				TARGETED_DEVICE_FAMILY = "1,2";
				TEST_HOST = "$(BUILT_PRODUCTS_DIR)/Astronauts.app/Astronauts";
			};
			name = Release;
		};
/* End XCBuildConfiguration section */

/* Begin XCConfigurationList section */
		F8E0D56126A1B7080015E13D /* Build configuration list for PBXProject "Astronauts" */ = {
			isa = XCConfigurationList;
			buildConfigurations = (
				F8E0D58926A1B7090015E13D /* Debug */,
				F8E0D58A26A1B7090015E13D /* Release */,
			);
			defaultConfigurationIsVisible = 0;
			defaultConfigurationName = Release;
		};
		F8E0D58B26A1B7090015E13D /* Build configuration list for PBXNativeTarget "Astronauts" */ = {
			isa = XCConfigurationList;
			buildConfigurations = (
				F8E0D58C26A1B7090015E13D /* Debug */,
				F8E0D58D26A1B7090015E13D /* Release */,
			);
			defaultConfigurationIsVisible = 0;
			defaultConfigurationName = Release;
		};
		F8E0D58E26A1B7090015E13D /* Build configuration list for PBXNativeTarget "AstronautsTests" */ = {
			isa = XCConfigurationList;
			buildConfigurations = (
				F8E0D58F26A1B7090015E13D /* Debug */,
				F8E0D59026A1B7090015E13D /* Release */,
			);
			defaultConfigurationIsVisible = 0;
			defaultConfigurationName = Release;
		};
/* End XCConfigurationList section */
	};
	rootObject = F8E0D55E26A1B7080015E13D /* Project object */;
}
